{
  "name": "int-activities",
  "lockfileVersion": 3,
  "requires": true,
  "packages": {
    "": {
      "dependencies": {
        "@digdir/designsystemet-css": "^1.3.0",
        "@digdir/designsystemet-theme": "^1.3.0"
      }
    },
    "node_modules/@digdir/designsystemet-css": {
      "version": "1.3.0",
      "resolved": "https://registry.npmjs.org/@digdir/designsystemet-css/-/designsystemet-css-1.3.0.tgz",
      "integrity": "sha512-jPEmibDKkXfGxdSU63fGH9vBrHdQl9colpsapRt08Sp+M8dLAKAeQSYf6ri9jiKc3fl/fBL5aUi/jNQIsRcCNg==",
      "license": "MIT"
    },
    "node_modules/@digdir/designsystemet-theme": {
      "version": "1.3.0",
      "resolved": "https://registry.npmjs.org/@digdir/designsystemet-theme/-/designsystemet-theme-1.3.0.tgz",
      "integrity": "sha512-RauQK9g3NHpt7NqHyaNrjJWkjVo/pHof87kpi5o3UzHOwgrm9NwkZNWXWp58Db90KPrcxDeZhJfKbM6Rj54A3A==",
      "license": "MIT"
    }
  }
}
